
Microsoft Visual Studio Solution File, Format Version 12.00
# Visual Studio Version 17
VisualStudioVersion = 17.1.32228.430
MinimumVisualStudioVersion = 10.0.40219.1
Project("{8BC9CEB8-8B4A-11D0-8D11-00A0C91BC942}") = "PP001", "PP001\PP001.vcxproj", "{4C9AFC30-95C3-4DC7-A6F2-BD076E123077}"
EndProject
Project("{8BC9CEB8-8B4A-11D0-8D11-00A0C91BC942}") = "PP002", "PP002\PP002.vcxproj", "{312917FD-1D7E-471E-ABB0-B3D003C84447}"
EndProject
Project("{8BC9CEB8-8B4A-11D0-8D11-00A0C91BC942}") = "PP003", "PP003\PP003.vcxproj", "{986BF6F7-06FE-42E3-9F7C-7C801A8B7AE4}"
EndProject
Project("{8BC9CEB8-8B4A-11D0-8D11-00A0C91BC942}") = "PP004", "PP004\PP004.vcxproj", "{399FD661-BC7C-4953-8A32-12872A435774}"
EndProject
Project("{8BC9CEB8-8B4A-11D0-8D11-00A0C91BC942}") = "PP006", "PP006\PP006.vcxproj", "{EF5E52CE-BDA4-4200-BBA9-64DF165E419A}"
EndProject
Project("{8BC9CEB8-8B4A-11D0-8D11-00A0C91BC942}") = "PP007", "PP007\PP007.vcxproj", "{A122ACFF-F8F2-47CA-B12D-FE8133C21934}"
EndProject
Project("{8BC9CEB8-8B4A-11D0-8D11-00A0C91BC942}") = "PP008", "PP008\PP008.vcxproj", "{8B3E7D94-2D10-494E-AE7B-AA287554EDF3}"
EndProject
Project("{8BC9CEB8-8B4A-11D0-8D11-00A0C91BC942}") = "pp008_1", "pp008_1\pp008_1.vcxproj", "{47AA3F78-F80C-40F4-8F1B-086A3DB32739}"
EndProject
Project("{8BC9CEB8-8B4A-11D0-8D11-00A0C91BC942}") = "PP008_2", "PP008_2\PP008_2.vcxproj", "{0A98B58C-0610-446A-AB9C-2441919D542D}"
EndProject
Project("{8BC9CEB8-8B4A-11D0-8D11-00A0C91BC942}") = "PP012", "PP011\PP011.vcxproj", "{5FC956C8-D035-426C-BAAB-BA48888569EB}"
EndProject
Project("{8BC9CEB8-8B4A-11D0-8D11-00A0C91BC942}") = "PP012_1", "PP012_1\PP012_1.vcxproj", "{10129A96-4A9C-46C9-8A1F-E66912968D04}"
EndProject
Global
	GlobalSection(SolutionConfigurationPlatforms) = preSolution
		Debug|x64 = Debug|x64
		Debug|x86 = Debug|x86
		Release|x64 = Release|x64
		Release|x86 = Release|x86
	EndGlobalSection
	GlobalSection(ProjectConfigurationPlatforms) = postSolution
		{4C9AFC30-95C3-4DC7-A6F2-BD076E123077}.Debug|x64.ActiveCfg = Debug|x64
		{4C9AFC30-95C3-4DC7-A6F2-BD076E123077}.Debug|x64.Build.0 = Debug|x64
		{4C9AFC30-95C3-4DC7-A6F2-BD076E123077}.Debug|x86.ActiveCfg = Debug|Win32
		{4C9AFC30-95C3-4DC7-A6F2-BD076E123077}.Debug|x86.Build.0 = Debug|Win32
		{4C9AFC30-95C3-4DC7-A6F2-BD076E123077}.Release|x64.ActiveCfg = Release|x64
		{4C9AFC30-95C3-4DC7-A6F2-BD076E123077}.Release|x64.Build.0 = Release|x64
		{4C9AFC30-95C3-4DC7-A6F2-BD076E123077}.Release|x86.ActiveCfg = Release|Win32
		{4C9AFC30-95C3-4DC7-A6F2-BD076E123077}.Release|x86.Build.0 = Release|Win32
		{312917FD-1D7E-471E-ABB0-B3D003C84447}.Debug|x64.ActiveCfg = Debug|x64
		{312917FD-1D7E-471E-ABB0-B3D003C84447}.Debug|x64.Build.0 = Debug|x64
		{312917FD-1D7E-471E-ABB0-B3D003C84447}.Debug|x86.ActiveCfg = Debug|Win32
		{312917FD-1D7E-471E-ABB0-B3D003C84447}.Debug|x86.Build.0 = Debug|Win32
		{312917FD-1D7E-471E-ABB0-B3D003C84447}.Release|x64.ActiveCfg = Release|x64
		{312917FD-1D7E-471E-ABB0-B3D003C84447}.Release|x64.Build.0 = Release|x64
		{312917FD-1D7E-471E-ABB0-B3D003C84447}.Release|x86.ActiveCfg = Release|Win32
		{312917FD-1D7E-471E-ABB0-B3D003C84447}.Release|x86.Build.0 = Release|Win32
		{986BF6F7-06FE-42E3-9F7C-7C801A8B7AE4}.Debug|x64.ActiveCfg = Debug|x64
		{986BF6F7-06FE-42E3-9F7C-7C801A8B7AE4}.Debug|x64.Build.0 = Debug|x64
		{986BF6F7-06FE-42E3-9F7C-7C801A8B7AE4}.Debug|x86.ActiveCfg = Debug|Win32
		{986BF6F7-06FE-42E3-9F7C-7C801A8B7AE4}.Debug|x86.Build.0 = Debug|Win32
		{986BF6F7-06FE-42E3-9F7C-7C801A8B7AE4}.Release|x64.ActiveCfg = Release|x64
		{986BF6F7-06FE-42E3-9F7C-7C801A8B7AE4}.Release|x64.Build.0 = Release|x64
		{986BF6F7-06FE-42E3-9F7C-7C801A8B7AE4}.Release|x86.ActiveCfg = Release|Win32
		{986BF6F7-06FE-42E3-9F7C-7C801A8B7AE4}.Release|x86.Build.0 = Release|Win32
		{399FD661-BC7C-4953-8A32-12872A435774}.Debug|x64.ActiveCfg = Debug|x64
		{399FD661-BC7C-4953-8A32-12872A435774}.Debug|x64.Build.0 = Debug|x64
		{399FD661-BC7C-4953-8A32-12872A435774}.Debug|x86.ActiveCfg = Debug|Win32
		{399FD661-BC7C-4953-8A32-12872A435774}.Debug|x86.Build.0 = Debug|Win32
		{399FD661-BC7C-4953-8A32-12872A435774}.Release|x64.ActiveCfg = Release|x64
		{399FD661-BC7C-4953-8A32-12872A435774}.Release|x64.Build.0 = Release|x64
		{399FD661-BC7C-4953-8A32-12872A435774}.Release|x86.ActiveCfg = Release|Win32
		{399FD661-BC7C-4953-8A32-12872A435774}.Release|x86.Build.0 = Release|Win32
		{EF5E52CE-BDA4-4200-BBA9-64DF165E419A}.Debug|x64.ActiveCfg = Debug|x64
		{EF5E52CE-BDA4-4200-BBA9-64DF165E419A}.Debug|x64.Build.0 = Debug|x64
		{EF5E52CE-BDA4-4200-BBA9-64DF165E419A}.Debug|x86.ActiveCfg = Debug|Win32
		{EF5E52CE-BDA4-4200-BBA9-64DF165E419A}.Debug|x86.Build.0 = Debug|Win32
		{EF5E52CE-BDA4-4200-BBA9-64DF165E419A}.Release|x64.ActiveCfg = Release|x64
		{EF5E52CE-BDA4-4200-BBA9-64DF165E419A}.Release|x64.Build.0 = Release|x64
		{EF5E52CE-BDA4-4200-BBA9-64DF165E419A}.Release|x86.ActiveCfg = Release|Win32
		{EF5E52CE-BDA4-4200-BBA9-64DF165E419A}.Release|x86.Build.0 = Release|Win32
		{A122ACFF-F8F2-47CA-B12D-FE8133C21934}.Debug|x64.ActiveCfg = Debug|x64
		{A122ACFF-F8F2-47CA-B12D-FE8133C21934}.Debug|x64.Build.0 = Debug|x64
		{A122ACFF-F8F2-47CA-B12D-FE8133C21934}.Debug|x86.ActiveCfg = Debug|Win32
		{A122ACFF-F8F2-47CA-B12D-FE8133C21934}.Debug|x86.Build.0 = Debug|Win32
		{A122ACFF-F8F2-47CA-B12D-FE8133C21934}.Release|x64.ActiveCfg = Release|x64
		{A122ACFF-F8F2-47CA-B12D-FE8133C21934}.Release|x64.Build.0 = Release|x64
		{A122ACFF-F8F2-47CA-B12D-FE8133C21934}.Release|x86.ActiveCfg = Release|Win32
		{A122ACFF-F8F2-47CA-B12D-FE8133C21934}.Release|x86.Build.0 = Release|Win32
		{8B3E7D94-2D10-494E-AE7B-AA287554EDF3}.Debug|x64.ActiveCfg = Debug|x64
		{8B3E7D94-2D10-494E-AE7B-AA287554EDF3}.Debug|x64.Build.0 = Debug|x64
		{8B3E7D94-2D10-494E-AE7B-AA287554EDF3}.Debug|x86.ActiveCfg = Debug|Win32
		{8B3E7D94-2D10-494E-AE7B-AA287554EDF3}.Debug|x86.Build.0 = Debug|Win32
		{8B3E7D94-2D10-494E-AE7B-AA287554EDF3}.Release|x64.ActiveCfg = Release|x64
		{8B3E7D94-2D10-494E-AE7B-AA287554EDF3}.Release|x64.Build.0 = Release|x64
		{8B3E7D94-2D10-494E-AE7B-AA287554EDF3}.Release|x86.ActiveCfg = Release|Win32
		{8B3E7D94-2D10-494E-AE7B-AA287554EDF3}.Release|x86.Build.0 = Release|Win32
		{47AA3F78-F80C-40F4-8F1B-086A3DB32739}.Debug|x64.ActiveCfg = Debug|x64
		{47AA3F78-F80C-40F4-8F1B-086A3DB32739}.Debug|x64.Build.0 = Debug|x64
		{47AA3F78-F80C-40F4-8F1B-086A3DB32739}.Debug|x86.ActiveCfg = Debug|Win32
		{47AA3F78-F80C-40F4-8F1B-086A3DB32739}.Debug|x86.Build.0 = Debug|Win32
		{47AA3F78-F80C-40F4-8F1B-086A3DB32739}.Release|x64.ActiveCfg = Release|x64
		{47AA3F78-F80C-40F4-8F1B-086A3DB32739}.Release|x64.Build.0 = Release|x64
		{47AA3F78-F80C-40F4-8F1B-086A3DB32739}.Release|x86.ActiveCfg = Release|Win32
		{47AA3F78-F80C-40F4-8F1B-086A3DB32739}.Release|x86.Build.0 = Release|Win32
		{0A98B58C-0610-446A-AB9C-2441919D542D}.Debug|x64.ActiveCfg = Debug|x64
		{0A98B58C-0610-446A-AB9C-2441919D542D}.Debug|x64.Build.0 = Debug|x64
		{0A98B58C-0610-446A-AB9C-2441919D542D}.Debug|x86.ActiveCfg = Debug|Win32
		{0A98B58C-0610-446A-AB9C-2441919D542D}.Debug|x86.Build.0 = Debug|Win32
		{0A98B58C-0610-446A-AB9C-2441919D542D}.Release|x64.ActiveCfg = Release|x64
		{0A98B58C-0610-446A-AB9C-2441919D542D}.Release|x64.Build.0 = Release|x64
		{0A98B58C-0610-446A-AB9C-2441919D542D}.Release|x86.ActiveCfg = Release|Win32
		{0A98B58C-0610-446A-AB9C-2441919D542D}.Release|x86.Build.0 = Release|Win32
		{5FC956C8-D035-426C-BAAB-BA48888569EB}.Debug|x64.ActiveCfg = Debug|x64
		{5FC956C8-D035-426C-BAAB-BA48888569EB}.Debug|x64.Build.0 = Debug|x64
		{5FC956C8-D035-426C-BAAB-BA48888569EB}.Debug|x86.ActiveCfg = Debug|Win32
		{5FC956C8-D035-426C-BAAB-BA48888569EB}.Debug|x86.Build.0 = Debug|Win32
		{5FC956C8-D035-426C-BAAB-BA48888569EB}.Release|x64.ActiveCfg = Release|x64
		{5FC956C8-D035-426C-BAAB-BA48888569EB}.Release|x64.Build.0 = Release|x64
		{5FC956C8-D035-426C-BAAB-BA48888569EB}.Release|x86.ActiveCfg = Release|Win32
		{5FC956C8-D035-426C-BAAB-BA48888569EB}.Release|x86.Build.0 = Release|Win32
		{10129A96-4A9C-46C9-8A1F-E66912968D04}.Debug|x64.ActiveCfg = Debug|x64
		{10129A96-4A9C-46C9-8A1F-E66912968D04}.Debug|x64.Build.0 = Debug|x64
		{10129A96-4A9C-46C9-8A1F-E66912968D04}.Debug|x86.ActiveCfg = Debug|Win32
		{10129A96-4A9C-46C9-8A1F-E66912968D04}.Debug|x86.Build.0 = Debug|Win32
		{10129A96-4A9C-46C9-8A1F-E66912968D04}.Release|x64.ActiveCfg = Release|x64
		{10129A96-4A9C-46C9-8A1F-E66912968D04}.Release|x64.Build.0 = Release|x64
		{10129A96-4A9C-46C9-8A1F-E66912968D04}.Release|x86.ActiveCfg = Release|Win32
		{10129A96-4A9C-46C9-8A1F-E66912968D04}.Release|x86.Build.0 = Release|Win32
	EndGlobalSection
	GlobalSection(SolutionProperties) = preSolution
		HideSolutionNode = FALSE
	EndGlobalSection
	GlobalSection(ExtensibilityGlobals) = postSolution
		SolutionGuid = {E806B4FF-C5EE-4B4E-AC4F-F2B01E91E9B1}
	EndGlobalSection
EndGlobal
